# This file is automatically @generated by Cargo.
# It is not intended for manual editing.
version = 3

[[package]]
name = "list"
version = "0.1.0"

[[package]]
name = "usb-raw"
version = "0.1.0"

[[patch.unused]]
name = "embassy-embedded-hal"
version = "0.1.0"
source = "git+https://github.com/embassy-rs/embassy?branch=main#ecd7888ba937b74560d3a1975445441d7c07be17"

[[patch.unused]]
name = "embassy-executor"
version = "0.5.0"
source = "git+https://github.com/embassy-rs/embassy?branch=main#ecd7888ba937b74560d3a1975445441d7c07be17"

[[patch.unused]]
name = "embassy-futures"
version = "0.1.1"
source = "git+https://github.com/embassy-rs/embassy?branch=main#ecd7888ba937b74560d3a1975445441d7c07be17"

[[patch.unused]]
name = "embassy-rp"
version = "0.1.0"
source = "git+https://github.com/embassy-rs/embassy?branch=main#ecd7888ba937b74560d3a1975445441d7c07be17"

[[patch.unused]]
name = "embassy-sync"
version = "0.6.0"
source = "git+https://github.com/embassy-rs/embassy?branch=main#ecd7888ba937b74560d3a1975445441d7c07be17"

[[patch.unused]]
name = "embassy-time"
version = "0.3.0"
source = "git+https://github.com/embassy-rs/embassy?branch=main#ecd7888ba937b74560d3a1975445441d7c07be17"

[[patch.unused]]
name = "embassy-usb"
version = "0.2.0"
source = "git+https://github.com/embassy-rs/embassy?branch=main#ecd7888ba937b74560d3a1975445441d7c07be17"
